{
    "_readme": [
        "This file locks the dependencies of your project to a known state",
        "Read more about it at https://getcomposer.org/doc/01-basic-usage.md#installing-dependencies",
        "This file is @generated automatically"
    ],
    "content-hash": "943bf60a0219490572146a5d446c1137",
    "packages": [
        {
            "name": "cheprasov/php-cli-args",
            "version": "2.1.0",
            "source": {
                "type": "git",
                "url": "https://github.com/cheprasov/php-cli-args.git",
                "reference": "86826b948a93ddaf3ce50ad73f1319024164a76f"
            },
            "dist": {
                "type": "zip",
                "url": "https://api.github.com/repos/cheprasov/php-cli-args/zipball/86826b948a93ddaf3ce50ad73f1319024164a76f",
                "reference": "86826b948a93ddaf3ce50ad73f1319024164a76f",
                "shasum": ""
            },
            "require": {
                "php": ">=5.5"
            },
            "require-dev": {
                "phpunit/phpunit": "4.8.*"
            },
            "type": "library",
            "autoload": {
                "psr-0": {
                    "CliArgs\\": "src"
                }
            },
            "notification-url": "https://packagist.org/downloads/",
            "license": [
                "MIT"
            ],
            "authors": [
                {
                    "name": "Alexander Cheprasov",
                    "email": "acheprasov84@gmail.com"
                }
            ],
            "description": "Easy way to gets options from the command line argument list",
            "homepage": "http://github.com/cheprasov/php-cli-args",
            "time": "2018-03-10T18:03:37+00:00"
        },
        {
            "name": "pastuhov/php-exec-command",
            "version": "1.1.0",
            "source": {
                "type": "git",
                "url": "https://github.com/pastuhov/php-exec-command.git",
                "reference": "5c7a7187724ee58b4742c89c02f3bab52f690211"
            },
            "dist": {
                "type": "zip",
                "url": "https://api.github.com/repos/pastuhov/php-exec-command/zipball/5c7a7187724ee58b4742c89c02f3bab52f690211",
                "reference": "5c7a7187724ee58b4742c89c02f3bab52f690211",
                "shasum": ""
            },
            "require": {
                "php": ">=5.3.0"
            },
            "require-dev": {
                "phpunit/phpunit": "4.*",
                "scrutinizer/ocular": "~1.1"
            },
            "type": "library",
            "extra": {
                "branch-alias": {
                    "dev-master": "1.0-dev"
                }
            },
            "autoload": {
                "psr-4": {
                    "pastuhov\\Command\\": "src"
                }
            },
            "notification-url": "https://packagist.org/downloads/",
            "license": [
                "GPL-2.0"
            ],
            "authors": [
                {
                    "name": "Kirill Pastukhov",
                    "email": "kirill@pastukhov.su",
                    "homepage": "https://github.com/pastuhov/",
                    "role": "Developer"
                }
            ],
            "description": "Simple php command executor with param binding.",
            "homepage": "https://github.com/pastuhov/php-exec-command",
            "keywords": [
                "command",
                "exec",
                "system"
            ],
            "time": "2016-08-27T09:07:48+00:00"
        },
        {
            "name": "phplucidframe/console-table",
            "version": "v1.2.3",
            "source": {
                "type": "git",
                "url": "https://github.com/phplucidframe/console-table.git",
                "reference": "b992e55835572f15677979151f248f7ca2c5c47f"
            },
            "dist": {
                "type": "zip",
                "url": "https://api.github.com/repos/phplucidframe/console-table/zipball/b992e55835572f15677979151f248f7ca2c5c47f",
                "reference": "b992e55835572f15677979151f248f7ca2c5c47f",
                "shasum": ""
            },
            "require": {
                "php": ">=5.3"
            },
            "require-dev": {
                "phpunit/phpunit": "*"
            },
            "type": "library",
            "autoload": {
                "psr-0": {
                    "LucidFrame\\": "src/",
                    "LucidFrameTest\\": "tests/"
                }
            },
            "notification-url": "https://packagist.org/downloads/",
            "license": [
                "MIT"
            ],
            "authors": [
                {
                    "name": "Sithu K.",
                    "email": "cithukyaw@gmail.com"
                }
            ],
            "description": "Console Table",
            "time": "2018-11-11T10:18:43+00:00"
        },
        {
            "name": "splitbrain/php-cli",
            "version": "1.1.5",
            "source": {
                "type": "git",
                "url": "https://github.com/splitbrain/php-cli.git",
                "reference": "e982d40d074ab9f2669c3c0a2e40559b098cd894"
            },
            "dist": {
                "type": "zip",
                "url": "https://api.github.com/repos/splitbrain/php-cli/zipball/e982d40d074ab9f2669c3c0a2e40559b098cd894",
                "reference": "e982d40d074ab9f2669c3c0a2e40559b098cd894",
                "shasum": ""
            },
            "require": {
                "php": ">=5.3.0"
            },
            "require-dev": {
                "phpunit/phpunit": "4.5.*"
            },
            "suggest": {
                "psr/log": "Allows you to make the CLI available as PSR-3 logger"
            },
            "type": "library",
            "autoload": {
                "psr-4": {
                    "splitbrain\\phpcli\\": "src"
                }
            },
            "notification-url": "https://packagist.org/downloads/",
            "license": [
                "MIT"
            ],
            "authors": [
                {
                    "name": "Andreas Gohr",
                    "email": "andi@splitbrain.org"
                }
            ],
            "description": "Easy command line scripts for PHP with opt parsing and color output. No dependencies",
            "keywords": [
                "argparse",
                "cli",
                "command line",
                "console",
                "getopt",
                "optparse",
                "terminal"
            ],
            "time": "2018-09-29T07:51:34+00:00"
        }
    ],
    "packages-dev": [],
    "aliases": [],
    "minimum-stability": "stable",
    "stability-flags": [],
    "prefer-stable": false,
    "prefer-lowest": false,
    "platform": {
        "php": "^7.2.8",
        "ext-simplexml": "^7.2"
    },
    "platform-dev": []
}
